// !$*UTF8*$!
{
	archiveVersion = 1;
	classes = {
	};
	objectVersion = 46;
	objects = {

/* Begin PBXBuildFile section */
		D1880B1018C67F9600443688 /* ant.PNG in Resources */ = {isa = PBXBuildFile; fileRef = D1880B0F18C67F9600443688 /* ant.PNG */; };
		D1880B6918DBCBD300443688 /* flower.jpg in Resources */ = {isa = PBXBuildFile; fileRef = D1880B6818DBCBD300443688 /* flower.jpg */; };
		D1895A191895DA63005D9D70 /* Foundation.framework in Frameworks */ = {isa = PBXBuildFile; fileRef = D1895A181895DA63005D9D70 /* Foundation.framework */; };
		D1895A1B1895DA63005D9D70 /* CoreGraphics.framework in Frameworks */ = {isa = PBXBuildFile; fileRef = D1895A1A1895DA63005D9D70 /* CoreGraphics.framework */; };
		D1895A1D1895DA63005D9D70 /* UIKit.framework in Frameworks */ = {isa = PBXBuildFile; fileRef = D1895A1C1895DA63005D9D70 /* UIKit.framework */; };
		D1895A231895DA63005D9D70 /* InfoPlist.strings in Resources */ = {isa = PBXBuildFile; fileRef = D1895A211895DA63005D9D70 /* InfoPlist.strings */; };
		D1895A251895DA63005D9D70 /* main.m in Sources */ = {isa = PBXBuildFile; fileRef = D1895A241895DA63005D9D70 /* main.m */; };
		D1895A291895DA63005D9D70 /* AppDelegate.m in Sources */ = {isa = PBXBuildFile; fileRef = D1895A281895DA63005D9D70 /* AppDelegate.m */; };
		D1895A2C1895DA63005D9D70 /* Main.storyboard in Resources */ = {isa = PBXBuildFile; fileRef = D1895A2A1895DA63005D9D70 /* Main.storyboard */; };
		D1895A2F1895DA63005D9D70 /* ViewController.m in Sources */ = {isa = PBXBuildFile; fileRef = D1895A2E1895DA63005D9D70 /* ViewController.m */; };
		D1895A311895DA63005D9D70 /* Images.xcassets in Resources */ = {isa = PBXBuildFile; fileRef = D1895A301895DA63005D9D70 /* Images.xcassets */; };
		D1895A381895DA63005D9D70 /* XCTest.framework in Frameworks */ = {isa = PBXBuildFile; fileRef = D1895A371895DA63005D9D70 /* XCTest.framework */; };
		D1895A391895DA63005D9D70 /* Foundation.framework in Frameworks */ = {isa = PBXBuildFile; fileRef = D1895A181895DA63005D9D70 /* Foundation.framework */; };
		D1895A3A1895DA63005D9D70 /* UIKit.framework in Frameworks */ = {isa = PBXBuildFile; fileRef = D1895A1C1895DA63005D9D70 /* UIKit.framework */; };
		D1895A421895DA63005D9D70 /* InfoPlist.strings in Resources */ = {isa = PBXBuildFile; fileRef = D1895A401895DA63005D9D70 /* InfoPlist.strings */; };
		D1895A441895DA63005D9D70 /* AsteroidsTests.m in Sources */ = {isa = PBXBuildFile; fileRef = D1895A431895DA63005D9D70 /* AsteroidsTests.m */; };
		D1895A4F1895F14F005D9D70 /* AsteroidView.m in Sources */ = {isa = PBXBuildFile; fileRef = D1895A4E1895F14F005D9D70 /* AsteroidView.m */; };
		D1895A5618972B94005D9D70 /* Sprite.m in Sources */ = {isa = PBXBuildFile; fileRef = D1895A5518972B94005D9D70 /* Sprite.m */; };
		D1895A5918A08607005D9D70 /* VectorSprite.m in Sources */ = {isa = PBXBuildFile; fileRef = D1895A5818A08607005D9D70 /* VectorSprite.m */; };
		D1895A5C18A315B4005D9D70 /* Animaprite.m in Sources */ = {isa = PBXBuildFile; fileRef = D1895A5B18A315B4005D9D70 /* Animaprite.m */; };
		D18B00D418DF786C00159792 /* antl.PNG in Resources */ = {isa = PBXBuildFile; fileRef = D18B00D318DF786C00159792 /* antl.PNG */; };
		D18B00D618E2524F00159792 /* leaf.png in Resources */ = {isa = PBXBuildFile; fileRef = D18B00D518E2524F00159792 /* leaf.png */; };
		D18B00DA18E38E7F00159792 /* soil.PNG in Resources */ = {isa = PBXBuildFile; fileRef = D18B00D918E38E7F00159792 /* soil.PNG */; };
		D18B00DC18E38E8400159792 /* glass.PNG in Resources */ = {isa = PBXBuildFile; fileRef = D18B00DB18E38E8400159792 /* glass.PNG */; };
		D18B00DE18E38E8900159792 /* tree.PNG in Resources */ = {isa = PBXBuildFile; fileRef = D18B00DD18E38E8900159792 /* tree.PNG */; };
		D18B00E018E3955800159792 /* antdie.PNG in Resources */ = {isa = PBXBuildFile; fileRef = D18B00DF18E3955800159792 /* antdie.PNG */; };
		D1918EAE18DEBC34009359DB /* ju.PNG in Resources */ = {isa = PBXBuildFile; fileRef = D1918EAD18DEBC34009359DB /* ju.PNG */; };
/* End PBXBuildFile section */

/* Begin PBXContainerItemProxy section */
		D1895A3B1895DA63005D9D70 /* PBXContainerItemProxy */ = {
			isa = PBXContainerItemProxy;
			containerPortal = D1895A0D1895DA63005D9D70 /* Project object */;
			proxyType = 1;
			remoteGlobalIDString = D1895A141895DA63005D9D70;
			remoteInfo = Asteroids;
		};
/* End PBXContainerItemProxy section */

/* Begin PBXFileReference section */
		D1880B0F18C67F9600443688 /* ant.PNG */ = {isa = PBXFileReference; lastKnownFileType = image.png; path = ant.PNG; sourceTree = SOURCE_ROOT; };
		D1880B6818DBCBD300443688 /* flower.jpg */ = {isa = PBXFileReference; lastKnownFileType = image.jpeg; path = flower.jpg; sourceTree = SOURCE_ROOT; };
		D1895A151895DA63005D9D70 /* Asteroids.app */ = {isa = PBXFileReference; explicitFileType = wrapper.application; includeInIndex = 0; path = Asteroids.app; sourceTree = BUILT_PRODUCTS_DIR; };
		D1895A181895DA63005D9D70 /* Foundation.framework */ = {isa = PBXFileReference; lastKnownFileType = wrapper.framework; name = Foundation.framework; path = System/Library/Frameworks/Foundation.framework; sourceTree = SDKROOT; };
		D1895A1A1895DA63005D9D70 /* CoreGraphics.framework */ = {isa = PBXFileReference; lastKnownFileType = wrapper.framework; name = CoreGraphics.framework; path = System/Library/Frameworks/CoreGraphics.framework; sourceTree = SDKROOT; };
		D1895A1C1895DA63005D9D70 /* UIKit.framework */ = {isa = PBXFileReference; lastKnownFileType = wrapper.framework; name = UIKit.framework; path = System/Library/Frameworks/UIKit.framework; sourceTree = SDKROOT; };
		D1895A201895DA63005D9D70 /* Asteroids-Info.plist */ = {isa = PBXFileReference; lastKnownFileType = text.plist.xml; path = "Asteroids-Info.plist"; sourceTree = "<group>"; };
		D1895A221895DA63005D9D70 /* en */ = {isa = PBXFileReference; lastKnownFileType = text.plist.strings; name = en; path = en.lproj/InfoPlist.strings; sourceTree = "<group>"; };
		D1895A241895DA63005D9D70 /* main.m */ = {isa = PBXFileReference; lastKnownFileType = sourcecode.c.objc; path = main.m; sourceTree = "<group>"; };
		D1895A261895DA63005D9D70 /* Asteroids-Prefix.pch */ = {isa = PBXFileReference; lastKnownFileType = sourcecode.c.h; path = "Asteroids-Prefix.pch"; sourceTree = "<group>"; };
		D1895A271895DA63005D9D70 /* AppDelegate.h */ = {isa = PBXFileReference; lastKnownFileType = sourcecode.c.h; path = AppDelegate.h; sourceTree = "<group>"; };
		D1895A281895DA63005D9D70 /* AppDelegate.m */ = {isa = PBXFileReference; lastKnownFileType = sourcecode.c.objc; path = AppDelegate.m; sourceTree = "<group>"; };
		D1895A2B1895DA63005D9D70 /* Base */ = {isa = PBXFileReference; lastKnownFileType = file.storyboard; name = Base; path = Base.lproj/Main.storyboard; sourceTree = "<group>"; };
		D1895A2D1895DA63005D9D70 /* ViewController.h */ = {isa = PBXFileReference; lastKnownFileType = sourcecode.c.h; path = ViewController.h; sourceTree = "<group>"; };
		D1895A2E1895DA63005D9D70 /* ViewController.m */ = {isa = PBXFileReference; lastKnownFileType = sourcecode.c.objc; path = ViewController.m; sourceTree = "<group>"; };
		D1895A301895DA63005D9D70 /* Images.xcassets */ = {isa = PBXFileReference; lastKnownFileType = folder.assetcatalog; path = Images.xcassets; sourceTree = "<group>"; };
		D1895A361895DA63005D9D70 /* AsteroidsTests.xctest */ = {isa = PBXFileReference; explicitFileType = wrapper.cfbundle; includeInIndex = 0; path = AsteroidsTests.xctest; sourceTree = BUILT_PRODUCTS_DIR; };
		D1895A371895DA63005D9D70 /* XCTest.framework */ = {isa = PBXFileReference; lastKnownFileType = wrapper.framework; name = XCTest.framework; path = Library/Frameworks/XCTest.framework; sourceTree = DEVELOPER_DIR; };
		D1895A3F1895DA63005D9D70 /* AsteroidsTests-Info.plist */ = {isa = PBXFileReference; lastKnownFileType = text.plist.xml; path = "AsteroidsTests-Info.plist"; sourceTree = "<group>"; };
		D1895A411895DA63005D9D70 /* en */ = {isa = PBXFileReference; lastKnownFileType = text.plist.strings; name = en; path = en.lproj/InfoPlist.strings; sourceTree = "<group>"; };
		D1895A431895DA63005D9D70 /* AsteroidsTests.m */ = {isa = PBXFileReference; lastKnownFileType = sourcecode.c.objc; path = AsteroidsTests.m; sourceTree = "<group>"; };
		D1895A4D1895F14F005D9D70 /* AsteroidView.h */ = {isa = PBXFileReference; fileEncoding = 4; lastKnownFileType = sourcecode.c.h; path = AsteroidView.h; sourceTree = "<group>"; };
		D1895A4E1895F14F005D9D70 /* AsteroidView.m */ = {isa = PBXFileReference; fileEncoding = 4; lastKnownFileType = sourcecode.c.objc; path = AsteroidView.m; sourceTree = "<group>"; };
		D1895A5418972B94005D9D70 /* Sprite.h */ = {isa = PBXFileReference; fileEncoding = 4; lastKnownFileType = sourcecode.c.h; path = Sprite.h; sourceTree = "<group>"; };
		D1895A5518972B94005D9D70 /* Sprite.m */ = {isa = PBXFileReference; fileEncoding = 4; lastKnownFileType = sourcecode.c.objc; path = Sprite.m; sourceTree = "<group>"; };
		D1895A5718A08607005D9D70 /* VectorSprite.h */ = {isa = PBXFileReference; fileEncoding = 4; lastKnownFileType = sourcecode.c.h; path = VectorSprite.h; sourceTree = "<group>"; };
		D1895A5818A08607005D9D70 /* VectorSprite.m */ = {isa = PBXFileReference; fileEncoding = 4; lastKnownFileType = sourcecode.c.objc; path = VectorSprite.m; sourceTree = "<group>"; };
		D1895A5A18A315B4005D9D70 /* Animasprite.h */ = {isa = PBXFileReference; fileEncoding = 4; lastKnownFileType = sourcecode.c.h; path = Animasprite.h; sourceTree = "<group>"; };
		D1895A5B18A315B4005D9D70 /* Animaprite.m */ = {isa = PBXFileReference; fileEncoding = 4; lastKnownFileType = sourcecode.c.objc; path = Animaprite.m; sourceTree = "<group>"; };
		D18B00D318DF786C00159792 /* antl.PNG */ = {isa = PBXFileReference; lastKnownFileType = image.png; path = antl.PNG; sourceTree = SOURCE_ROOT; };
		D18B00D518E2524F00159792 /* leaf.png */ = {isa = PBXFileReference; lastKnownFileType = image.png; path = leaf.png; sourceTree = SOURCE_ROOT; };
		D18B00D918E38E7F00159792 /* soil.PNG */ = {isa = PBXFileReference; lastKnownFileType = image.png; path = soil.PNG; sourceTree = SOURCE_ROOT; };
		D18B00DB18E38E8400159792 /* glass.PNG */ = {isa = PBXFileReference; lastKnownFileType = image.png; path = glass.PNG; sourceTree = SOURCE_ROOT; };
		D18B00DD18E38E8900159792 /* tree.PNG */ = {isa = PBXFileReference; lastKnownFileType = image.png; path = tree.PNG; sourceTree = SOURCE_ROOT; };
		D18B00DF18E3955800159792 /* antdie.PNG */ = {isa = PBXFileReference; lastKnownFileType = image.png; path = antdie.PNG; sourceTree = SOURCE_ROOT; };
		D1918EAD18DEBC34009359DB /* ju.PNG */ = {isa = PBXFileReference; lastKnownFileType = image.png; path = ju.PNG; sourceTree = SOURCE_ROOT; };
/* End PBXFileReference section */

/* Begin PBXFrameworksBuildPhase section */
		D1895A121895DA63005D9D70 /* Frameworks */ = {
			isa = PBXFrameworksBuildPhase;
			buildActionMask = 2147483647;
			files = (
				D1895A1B1895DA63005D9D70 /* CoreGraphics.framework in Frameworks */,
				D1895A1D1895DA63005D9D70 /* UIKit.framework in Frameworks */,
				D1895A191895DA63005D9D70 /* Foundation.framework in Frameworks */,
			);
			runOnlyForDeploymentPostprocessing = 0;
		};
		D1895A331895DA63005D9D70 /* Frameworks */ = {
			isa = PBXFrameworksBuildPhase;
			buildActionMask = 2147483647;
			files = (
				D1895A381895DA63005D9D70 /* XCTest.framework in Frameworks */,
				D1895A3A1895DA63005D9D70 /* UIKit.framework in Frameworks */,
				D1895A391895DA63005D9D70 /* Foundation.framework in Frameworks */,
			);
			runOnlyForDeploymentPostprocessing = 0;
		};
/* End PBXFrameworksBuildPhase section */

/* Begin PBXGroup section */
		D1895A0C1895DA63005D9D70 = {
			isa = PBXGroup;
			children = (
				D1895A1E1895DA63005D9D70 /* Asteroids */,
				D1895A3D1895DA63005D9D70 /* AsteroidsTests */,
				D1895A171895DA63005D9D70 /* Frameworks */,
				D1895A161895DA63005D9D70 /* Products */,
			);
			sourceTree = "<group>";
		};
		D1895A161895DA63005D9D70 /* Products */ = {
			isa = PBXGroup;
			children = (
				D1895A151895DA63005D9D70 /* Asteroids.app */,
				D1895A361895DA63005D9D70 /* AsteroidsTests.xctest */,
			);
			name = Products;
			sourceTree = "<group>";
		};
		D1895A171895DA63005D9D70 /* Frameworks */ = {
			isa = PBXGroup;
			children = (
				D1895A181895DA63005D9D70 /* Foundation.framework */,
				D1895A1A1895DA63005D9D70 /* CoreGraphics.framework */,
				D1895A1C1895DA63005D9D70 /* UIKit.framework */,
				D1895A371895DA63005D9D70 /* XCTest.framework */,
			);
			name = Frameworks;
			sourceTree = "<group>";
		};
		D1895A1E1895DA63005D9D70 /* Asteroids */ = {
			isa = PBXGroup;
			children = (
				D1895AA218A7078A005D9D70 /* resources */,
				D1895A501895F1FD005D9D70 /* class */,
				D1895A271895DA63005D9D70 /* AppDelegate.h */,
				D1895A281895DA63005D9D70 /* AppDelegate.m */,
				D1895A2A1895DA63005D9D70 /* Main.storyboard */,
				D1895A2D1895DA63005D9D70 /* ViewController.h */,
				D1895A2E1895DA63005D9D70 /* ViewController.m */,
				D1895A301895DA63005D9D70 /* Images.xcassets */,
				D1895A1F1895DA63005D9D70 /* Supporting Files */,
			);
			path = Asteroids;
			sourceTree = "<group>";
		};
		D1895A1F1895DA63005D9D70 /* Supporting Files */ = {
			isa = PBXGroup;
			children = (
				D1895A201895DA63005D9D70 /* Asteroids-Info.plist */,
				D1895A211895DA63005D9D70 /* InfoPlist.strings */,
				D1895A241895DA63005D9D70 /* main.m */,
				D1895A261895DA63005D9D70 /* Asteroids-Prefix.pch */,
			);
			name = "Supporting Files";
			sourceTree = "<group>";
		};
		D1895A3D1895DA63005D9D70 /* AsteroidsTests */ = {
			isa = PBXGroup;
			children = (
				D1895A431895DA63005D9D70 /* AsteroidsTests.m */,
				D1895A3E1895DA63005D9D70 /* Supporting Files */,
			);
			path = AsteroidsTests;
			sourceTree = "<group>";
		};
		D1895A3E1895DA63005D9D70 /* Supporting Files */ = {
			isa = PBXGroup;
			children = (
				D1895A3F1895DA63005D9D70 /* AsteroidsTests-Info.plist */,
				D1895A401895DA63005D9D70 /* InfoPlist.strings */,
			);
			name = "Supporting Files";
			sourceTree = "<group>";
		};
		D1895A501895F1FD005D9D70 /* class */ = {
			isa = PBXGroup;
			children = (
				D1895A4D1895F14F005D9D70 /* AsteroidView.h */,
				D1895A4E1895F14F005D9D70 /* AsteroidView.m */,
				D1895A5418972B94005D9D70 /* Sprite.h */,
				D1895A5518972B94005D9D70 /* Sprite.m */,
				D1895A5718A08607005D9D70 /* VectorSprite.h */,
				D1895A5818A08607005D9D70 /* VectorSprite.m */,
				D1895A5A18A315B4005D9D70 /* Animasprite.h */,
				D1895A5B18A315B4005D9D70 /* Animaprite.m */,
			);
			name = class;
			sourceTree = "<group>";
		};
		D1895AA218A7078A005D9D70 /* resources */ = {
			isa = PBXGroup;
			children = (
				D1880B6818DBCBD300443688 /* flower.jpg */,
				D1918EAD18DEBC34009359DB /* ju.PNG */,
				D18B00D518E2524F00159792 /* leaf.png */,
				D18B00D918E38E7F00159792 /* soil.PNG */,
				D18B00DD18E38E8900159792 /* tree.PNG */,
				D18B00D318DF786C00159792 /* antl.PNG */,
				D18B00DB18E38E8400159792 /* glass.PNG */,
				D18B00DF18E3955800159792 /* antdie.PNG */,
				D1880B0F18C67F9600443688 /* ant.PNG */,
			);
			name = resources;
			sourceTree = "<group>";
		};
/* End PBXGroup section */

/* Begin PBXNativeTarget section */
		D1895A141895DA63005D9D70 /* Asteroids */ = {
			isa = PBXNativeTarget;
			buildConfigurationList = D1895A471895DA63005D9D70 /* Build configuration list for PBXNativeTarget "Asteroids" */;
			buildPhases = (
				D1895A111895DA63005D9D70 /* Sources */,
				D1895A121895DA63005D9D70 /* Frameworks */,
				D1895A131895DA63005D9D70 /* Resources */,
			);
			buildRules = (
			);
			dependencies = (
			);
			name = Asteroids;
			productName = Asteroids;
			productReference = D1895A151895DA63005D9D70 /* Asteroids.app */;
			productType = "com.apple.product-type.application";
		};
		D1895A351895DA63005D9D70 /* AsteroidsTests */ = {
			isa = PBXNativeTarget;
			buildConfigurationList = D1895A4A1895DA63005D9D70 /* Build configuration list for PBXNativeTarget "AsteroidsTests" */;
			buildPhases = (
				D1895A321895DA63005D9D70 /* Sources */,
				D1895A331895DA63005D9D70 /* Frameworks */,
				D1895A341895DA63005D9D70 /* Resources */,
			);
			buildRules = (
			);
			dependencies = (
				D1895A3C1895DA63005D9D70 /* PBXTargetDependency */,
			);
			name = AsteroidsTests;
			productName = AsteroidsTests;
			productReference = D1895A361895DA63005D9D70 /* AsteroidsTests.xctest */;
			productType = "com.apple.product-type.bundle.unit-test";
		};
/* End PBXNativeTarget section */

/* Begin PBXProject section */
		D1895A0D1895DA63005D9D70 /* Project object */ = {
			isa = PBXProject;
			attributes = {
				LastUpgradeCheck = 0500;
				ORGANIZATIONNAME = sam;
				TargetAttributes = {
					D1895A351895DA63005D9D70 = {
						TestTargetID = D1895A141895DA63005D9D70;
					};
				};
			};
			buildConfigurationList = D1895A101895DA63005D9D70 /* Build configuration list for PBXProject "ant" */;
			compatibilityVersion = "Xcode 3.2";
			developmentRegion = English;
			hasScannedForEncodings = 0;
			knownRegions = (
				en,
				Base,
			);
			mainGroup = D1895A0C1895DA63005D9D70;
			productRefGroup = D1895A161895DA63005D9D70 /* Products */;
			projectDirPath = "";
			projectRoot = "";
			targets = (
				D1895A141895DA63005D9D70 /* Asteroids */,
				D1895A351895DA63005D9D70 /* AsteroidsTests */,
			);
		};
/* End PBXProject section */

/* Begin PBXResourcesBuildPhase section */
		D1895A131895DA63005D9D70 /* Resources */ = {
			isa = PBXResourcesBuildPhase;
			buildActionMask = 2147483647;
			files = (
				D1880B1018C67F9600443688 /* ant.PNG in Resources */,
				D1895A311895DA63005D9D70 /* Images.xcassets in Resources */,
				D1895A231895DA63005D9D70 /* InfoPlist.strings in Resources */,
				D18B00D618E2524F00159792 /* leaf.png in Resources */,
				D18B00DC18E38E8400159792 /* glass.PNG in Resources */,
				D1880B6918DBCBD300443688 /* flower.jpg in Resources */,
				D18B00DE18E38E8900159792 /* tree.PNG in Resources */,
				D1918EAE18DEBC34009359DB /* ju.PNG in Resources */,
				D18B00D418DF786C00159792 /* antl.PNG in Resources */,
				D18B00E018E3955800159792 /* antdie.PNG in Resources */,
				D18B00DA18E38E7F00159792 /* soil.PNG in Resources */,
				D1895A2C1895DA63005D9D70 /* Main.storyboard in Resources */,
			);
			runOnlyForDeploymentPostprocessing = 0;
		};
		D1895A341895DA63005D9D70 /* Resources */ = {
			isa = PBXResourcesBuildPhase;
			buildActionMask = 2147483647;
			files = (
				D1895A421895DA63005D9D70 /* InfoPlist.strings in Resources */,
			);
			runOnlyForDeploymentPostprocessing = 0;
		};
/* End PBXResourcesBuildPhase section */

/* Begin PBXSourcesBuildPhase section */
		D1895A111895DA63005D9D70 /* Sources */ = {
			isa = PBXSourcesBuildPhase;
			buildActionMask = 2147483647;
			files = (
				D1895A2F1895DA63005D9D70 /* ViewController.m in Sources */,
				D1895A291895DA63005D9D70 /* AppDelegate.m in Sources */,
				D1895A251895DA63005D9D70 /* main.m in Sources */,
				D1895A5918A08607005D9D70 /* VectorSprite.m in Sources */,
				D1895A4F1895F14F005D9D70 /* AsteroidView.m in Sources */,
				D1895A5618972B94005D9D70 /* Sprite.m in Sources */,
				D1895A5C18A315B4005D9D70 /* Animaprite.m in Sources */,
			);
			runOnlyForDeploymentPostprocessing = 0;
		};
		D1895A321895DA63005D9D70 /* Sources */ = {
			isa = PBXSourcesBuildPhase;
			buildActionMask = 2147483647;
			files = (
				D1895A441895DA63005D9D70 /* AsteroidsTests.m in Sources */,
			);
			runOnlyForDeploymentPostprocessing = 0;
		};
/* End PBXSourcesBuildPhase section */

/* Begin PBXTargetDependency section */
		D1895A3C1895DA63005D9D70 /* PBXTargetDependency */ = {
			isa = PBXTargetDependency;
			target = D1895A141895DA63005D9D70 /* Asteroids */;
			targetProxy = D1895A3B1895DA63005D9D70 /* PBXContainerItemProxy */;
		};
/* End PBXTargetDependency section */

/* Begin PBXVariantGroup section */
		D1895A211895DA63005D9D70 /* InfoPlist.strings */ = {
			isa = PBXVariantGroup;
			children = (
				D1895A221895DA63005D9D70 /* en */,
			);
			name = InfoPlist.strings;
			sourceTree = "<group>";
		};
		D1895A2A1895DA63005D9D70 /* Main.storyboard */ = {
			isa = PBXVariantGroup;
			children = (
				D1895A2B1895DA63005D9D70 /* Base */,
			);
			name = Main.storyboard;
			sourceTree = "<group>";
		};
		D1895A401895DA63005D9D70 /* InfoPlist.strings */ = {
			isa = PBXVariantGroup;
			children = (
				D1895A411895DA63005D9D70 /* en */,
			);
			name = InfoPlist.strings;
			sourceTree = "<group>";
		};
/* End PBXVariantGroup section */

/* Begin XCBuildConfiguration section */
		D1895A451895DA63005D9D70 /* Debug */ = {
			isa = XCBuildConfiguration;
			buildSettings = {
				ALWAYS_SEARCH_USER_PATHS = NO;
				ARCHS = "$(ARCHS_STANDARD_INCLUDING_64_BIT)";
				CLANG_CXX_LANGUAGE_STANDARD = "gnu++0x";
				CLANG_CXX_LIBRARY = "libc++";
				CLANG_ENABLE_MODULES = YES;
				CLANG_ENABLE_OBJC_ARC = YES;
				CLANG_WARN_BOOL_CONVERSION = YES;
				CLANG_WARN_CONSTANT_CONVERSION = YES;
				CLANG_WARN_DIRECT_OBJC_ISA_USAGE = YES_ERROR;
				CLANG_WARN_EMPTY_BODY = YES;
				CLANG_WARN_ENUM_CONVERSION = YES;
				CLANG_WARN_INT_CONVERSION = YES;
				CLANG_WARN_OBJC_ROOT_CLASS = YES_ERROR;
				CLANG_WARN__DUPLICATE_METHOD_MATCH = YES;
				"CODE_SIGN_IDENTITY[sdk=iphoneos*]" = "iPhone Developer";
				COPY_PHASE_STRIP = NO;
				GCC_C_LANGUAGE_STANDARD = gnu99;
				GCC_DYNAMIC_NO_PIC = NO;
				GCC_OPTIMIZATION_LEVEL = 0;
				GCC_PREPROCESSOR_DEFINITIONS = (
					"DEBUG=1",
					"$(inherited)",
				);
				GCC_SYMBOLS_PRIVATE_EXTERN = NO;
				GCC_WARN_64_TO_32_BIT_CONVERSION = YES;
				GCC_WARN_ABOUT_RETURN_TYPE = YES_ERROR;
				GCC_WARN_UNDECLARED_SELECTOR = YES;
				GCC_WARN_UNINITIALIZED_AUTOS = YES;
				GCC_WARN_UNUSED_FUNCTION = YES;
				GCC_WARN_UNUSED_VARIABLE = YES;
				IPHONEOS_DEPLOYMENT_TARGET = 7.0;
				ONLY_ACTIVE_ARCH = YES;
				SDKROOT = iphoneos;
			};
			name = Debug;
		};
		D1895A461895DA63005D9D70 /* Release */ = {
			isa = XCBuildConfiguration;
			buildSettings = {
				ALWAYS_SEARCH_USER_PATHS = NO;
				ARCHS = "$(ARCHS_STANDARD_INCLUDING_64_BIT)";
				CLANG_CXX_LANGUAGE_STANDARD = "gnu++0x";
				CLANG_CXX_LIBRARY = "libc++";
				CLANG_ENABLE_MODULES = YES;
				CLANG_ENABLE_OBJC_ARC = YES;
				CLANG_WARN_BOOL_CONVERSION = YES;
				CLANG_WARN_CONSTANT_CONVERSION = YES;
				CLANG_WARN_DIRECT_OBJC_ISA_USAGE = YES_ERROR;
				CLANG_WARN_EMPTY_BODY = YES;
				CLANG_WARN_ENUM_CONVERSION = YES;
				CLANG_WARN_INT_CONVERSION = YES;
				CLANG_WARN_OBJC_ROOT_CLASS = YES_ERROR;
				CLANG_WARN__DUPLICATE_METHOD_MATCH = YES;
				"CODE_SIGN_IDENTITY[sdk=iphoneos*]" = "iPhone Developer";
				COPY_PHASE_STRIP = YES;
				ENABLE_NS_ASSERTIONS = NO;
				GCC_C_LANGUAGE_STANDARD = gnu99;
				GCC_WARN_64_TO_32_BIT_CONVERSION = YES;
				GCC_WARN_ABOUT_RETURN_TYPE = YES_ERROR;
				GCC_WARN_UNDECLARED_SELECTOR = YES;
				GCC_WARN_UNINITIALIZED_AUTOS = YES;
				GCC_WARN_UNUSED_FUNCTION = YES;
				GCC_WARN_UNUSED_VARIABLE = YES;
				IPHONEOS_DEPLOYMENT_TARGET = 7.0;
				SDKROOT = iphoneos;
				VALIDATE_PRODUCT = YES;
			};
			name = Release;
		};
		D1895A481895DA63005D9D70 /* Debug */ = {
			isa = XCBuildConfiguration;
			buildSettings = {
				ASSETCATALOG_COMPILER_APPICON_NAME = AppIcon;
				ASSETCATALOG_COMPILER_LAUNCHIMAGE_NAME = LaunchImage;
				GCC_PRECOMPILE_PREFIX_HEADER = YES;
				GCC_PREFIX_HEADER = "Asteroids/Asteroids-Prefix.pch";
				INFOPLIST_FILE = "Asteroids/Asteroids-Info.plist";
				PRODUCT_NAME = "$(TARGET_NAME)";
				WRAPPER_EXTENSION = app;
			};
			name = Debug;
		};
		D1895A491895DA63005D9D70 /* Release */ = {
			isa = XCBuildConfiguration;
			buildSettings = {
				ASSETCATALOG_COMPILER_APPICON_NAME = AppIcon;
				ASSETCATALOG_COMPILER_LAUNCHIMAGE_NAME = LaunchImage;
				GCC_PRECOMPILE_PREFIX_HEADER = YES;
				GCC_PREFIX_HEADER = "Asteroids/Asteroids-Prefix.pch";
				INFOPLIST_FILE = "Asteroids/Asteroids-Info.plist";
				PRODUCT_NAME = "$(TARGET_NAME)";
				WRAPPER_EXTENSION = app;
			};
			name = Release;
		};
		D1895A4B1895DA63005D9D70 /* Debug */ = {
			isa = XCBuildConfiguration;
			buildSettings = {
				ARCHS = "$(ARCHS_STANDARD_INCLUDING_64_BIT)";
				BUNDLE_LOADER = "$(BUILT_PRODUCTS_DIR)/Asteroids.app/Asteroids";
				FRAMEWORK_SEARCH_PATHS = (
					"$(SDKROOT)/Developer/Library/Frameworks",
					"$(inherited)",
					"$(DEVELOPER_FRAMEWORKS_DIR)",
				);
				GCC_PRECOMPILE_PREFIX_HEADER = YES;
				GCC_PREFIX_HEADER = "Asteroids/Asteroids-Prefix.pch";
				GCC_PREPROCESSOR_DEFINITIONS = (
					"DEBUG=1",
					"$(inherited)",
				);
				INFOPLIST_FILE = "AsteroidsTests/AsteroidsTests-Info.plist";
				PRODUCT_NAME = "$(TARGET_NAME)";
				TEST_HOST = "$(BUNDLE_LOADER)";
				WRAPPER_EXTENSION = xctest;
			};
			name = Debug;
		};
		D1895A4C1895DA63005D9D70 /* Release */ = {
			isa = XCBuildConfiguration;
			buildSettings = {
				ARCHS = "$(ARCHS_STANDARD_INCLUDING_64_BIT)";
				BUNDLE_LOADER = "$(BUILT_PRODUCTS_DIR)/Asteroids.app/Asteroids";
				FRAMEWORK_SEARCH_PATHS = (
					"$(SDKROOT)/Developer/Library/Frameworks",
					"$(inherited)",
					"$(DEVELOPER_FRAMEWORKS_DIR)",
				);
				GCC_PRECOMPILE_PREFIX_HEADER = YES;
				GCC_PREFIX_HEADER = "Asteroids/Asteroids-Prefix.pch";
				INFOPLIST_FILE = "AsteroidsTests/AsteroidsTests-Info.plist";
				PRODUCT_NAME = "$(TARGET_NAME)";
				TEST_HOST = "$(BUNDLE_LOADER)";
				WRAPPER_EXTENSION = xctest;
			};
			name = Release;
		};
/* End XCBuildConfiguration section */

/* Begin XCConfigurationList section */
		D1895A101895DA63005D9D70 /* Build configuration list for PBXProject "ant" */ = {
			isa = XCConfigurationList;
			buildConfigurations = (
				D1895A451895DA63005D9D70 /* Debug */,
				D1895A461895DA63005D9D70 /* Release */,
			);
			defaultConfigurationIsVisible = 0;
			defaultConfigurationName = Release;
		};
		D1895A471895DA63005D9D70 /* Build configuration list for PBXNativeTarget "Asteroids" */ = {
			isa = XCConfigurationList;
			buildConfigurations = (
				D1895A481895DA63005D9D70 /* Debug */,
				D1895A491895DA63005D9D70 /* Release */,
			);
			defaultConfigurationIsVisible = 0;
			defaultConfigurationName = Release;
		};
		D1895A4A1895DA63005D9D70 /* Build configuration list for PBXNativeTarget "AsteroidsTests" */ = {
			isa = XCConfigurationList;
			buildConfigurations = (
				D1895A4B1895DA63005D9D70 /* Debug */,
				D1895A4C1895DA63005D9D70 /* Release */,
			);
			defaultConfigurationIsVisible = 0;
			defaultConfigurationName = Release;
		};
/* End XCConfigurationList section */
	};
	rootObject = D1895A0D1895DA63005D9D70 /* Project object */;
}
